
Microsoft Visual Studio Solution File, Format Version 12.00
# Visual Studio Version 17
VisualStudioVersion = 17.4.33213.308
MinimumVisualStudioVersion = 10.0.40219.1
Project("{9A19103F-16F7-4668-BE54-9A1E7A4F7556}") = "SocialApp", "SocialApp.csproj", "{33172A6C-9C9C-4F44-95AE-89255A7095FD}"
EndProject
Global
	GlobalSection(SolutionConfigurationPlatforms) = preSolution
		Debug|Any CPU = Debug|Any CPU
		Debug|x64 = Debug|x64
		Release|Any CPU = Release|Any CPU
		Release|x64 = Release|x64
	EndGlobalSection
	GlobalSection(ProjectConfigurationPlatforms) = postSolution
		{33172A6C-9C9C-4F44-95AE-89255A7095FD}.Debug|Any CPU.ActiveCfg = Debug|Any CPU
		{33172A6C-9C9C-4F44-95AE-89255A7095FD}.Debug|Any CPU.Build.0 = Debug|Any CPU
		{33172A6C-9C9C-4F44-95AE-89255A7095FD}.Debug|x64.ActiveCfg = Debug|x64
		{33172A6C-9C9C-4F44-95AE-89255A7095FD}.Debug|x64.Build.0 = Debug|x64
		{33172A6C-9C9C-4F44-95AE-89255A7095FD}.Release|Any CPU.ActiveCfg = Release|Any CPU
		{33172A6C-9C9C-4F44-95AE-89255A7095FD}.Release|Any CPU.Build.0 = Release|Any CPU
		{33172A6C-9C9C-4F44-95AE-89255A7095FD}.Release|x64.ActiveCfg = Release|Any CPU
		{33172A6C-9C9C-4F44-95AE-89255A7095FD}.Release|x64.Build.0 = Release|Any CPU
	EndGlobalSection
	GlobalSection(SolutionProperties) = preSolution
		HideSolutionNode = FALSE
	EndGlobalSection
	GlobalSection(ExtensibilityGlobals) = postSolution
		SolutionGuid = {C6073A69-AC58-400D-9E79-6D12005050FA}
	EndGlobalSection
EndGlobal
